
Microsoft Visual Studio Solution File, Format Version 12.00
# Visual Studio Version 17
VisualStudioVersion = 17.0.32014.148
MinimumVisualStudioVersion = 10.0.40219.1
Project("{FAE04EC0-301F-11D3-BF4B-00C04F79EFBC}") = "PracticeConsole", "CSharpGrammar\PracticeConsole.csproj", "{27BF4779-E107-4963-B0ED-74D80575FD09}"
EndProject
Global
	GlobalSection(SolutionConfigurationPlatforms) = preSolution
		Debug|Any CPU = Debug|Any CPU
		Release|Any CPU = Release|Any CPU
	EndGlobalSection
	GlobalSection(ProjectConfigurationPlatforms) = postSolution
		{27BF4779-E107-4963-B0ED-74D80575FD09}.Debug|Any CPU.ActiveCfg = Debug|Any CPU
		{27BF4779-E107-4963-B0ED-74D80575FD09}.Debug|Any CPU.Build.0 = Debug|Any CPU
		{27BF4779-E107-4963-B0ED-74D80575FD09}.Release|Any CPU.ActiveCfg = Release|Any CPU
		{27BF4779-E107-4963-B0ED-74D80575FD09}.Release|Any CPU.Build.0 = Release|Any CPU
	EndGlobalSection
	GlobalSection(SolutionProperties) = preSolution
		HideSolutionNode = FALSE
	EndGlobalSection
	GlobalSection(ExtensibilityGlobals) = postSolution
		SolutionGuid = {7350B24E-CC52-40B7-B3D7-6C2C16EB190F}
	EndGlobalSection
EndGlobal
